
Microsoft Visual Studio Solution File, Format Version 10.00
# Visual Studio 2008
Project("{FAE04EC0-301F-11D3-BF4B-00C04F79EFBC}") = "LAV", "LAV\LAV.csproj", "{ADA2C29D-1BE2-4042-9202-7891B95CB224}"
EndProject
Project("{FAE04EC0-301F-11D3-BF4B-00C04F79EFBC}") = "DB", "DB\DB.csproj", "{BD69C126-A08F-4640-AEF3-E7334D831435}"
EndProject
Global
	GlobalSection(SolutionConfigurationPlatforms) = preSolution
		Debug|Any CPU = Debug|Any CPU
		Release|Any CPU = Release|Any CPU
	EndGlobalSection
	GlobalSection(ProjectConfigurationPlatforms) = postSolution
		{ADA2C29D-1BE2-4042-9202-7891B95CB224}.Debug|Any CPU.ActiveCfg = Debug|Any CPU
		{ADA2C29D-1BE2-4042-9202-7891B95CB224}.Debug|Any CPU.Build.0 = Debug|Any CPU
		{ADA2C29D-1BE2-4042-9202-7891B95CB224}.Release|Any CPU.ActiveCfg = Release|Any CPU
		{ADA2C29D-1BE2-4042-9202-7891B95CB224}.Release|Any CPU.Build.0 = Release|Any CPU
		{BD69C126-A08F-4640-AEF3-E7334D831435}.Debug|Any CPU.ActiveCfg = Debug|Any CPU
		{BD69C126-A08F-4640-AEF3-E7334D831435}.Debug|Any CPU.Build.0 = Debug|Any CPU
		{BD69C126-A08F-4640-AEF3-E7334D831435}.Release|Any CPU.ActiveCfg = Release|Any CPU
		{BD69C126-A08F-4640-AEF3-E7334D831435}.Release|Any CPU.Build.0 = Release|Any CPU
	EndGlobalSection
	GlobalSection(SolutionProperties) = preSolution
		HideSolutionNode = FALSE
	EndGlobalSection
EndGlobal
